{
    "_readme": [
        "This file locks the dependencies of your project to a known state",
        "Read more about it at https://getcomposer.org/doc/01-basic-usage.md#installing-dependencies",
        "This file is @generated automatically"
    ],
    "content-hash": "98b7f20b44b13ab8bd400fe253e3fb1e",
    "packages": [
        {
            "name": "jensostertag/curl-adapter",
            "version": "1.0.0",
            "source": {
                "type": "git",
                "url": "https://github.com/JensOstertag/curl-adapter.git",
                "reference": "4468a3887ef61cdbce7736a6c55cfc1e632fe4d1"
            },
            "dist": {
                "type": "zip",
                "url": "https://api.github.com/repos/JensOstertag/curl-adapter/zipball/4468a3887ef61cdbce7736a6c55cfc1e632fe4d1",
                "reference": "4468a3887ef61cdbce7736a6c55cfc1e632fe4d1",
                "shasum": ""
            },
            "require": {
                "ext-curl": "*",
                "ext-json": "*",
                "php": ">=8.0.0"
            },
            "type": "library",
            "autoload": {
                "psr-4": {
                    "jensostertag\\Curl\\": "src/"
                }
            },
            "license": [
                "MIT"
            ],
            "authors": [
                {
                    "name": "Jens Ostertag",
                    "email": "development@jens-ostertag.de",
                    "role": "Developer"
                }
            ],
            "description": "A Curl Wrapper Library for PHP",
            "keywords": [
                "curl",
                "wrapper"
            ],
            "support": {
                "source": "https://github.com/JensOstertag/curl-adapter/tree/1.0.0",
                "issues": "https://github.com/JensOstertag/curl-adapter/issues"
            },
            "time": "2023-07-14T05:11:41+00:00"
        }
    ],
    "packages-dev": [],
    "aliases": [],
    "minimum-stability": "stable",
    "stability-flags": [],
    "prefer-stable": false,
    "prefer-lowest": false,
    "platform": {
        "php": ">=8.0.0"
    },
    "platform-dev": [],
    "plugin-api-version": "2.3.0"
}
