{
    "_readme": [
        "This file locks the dependencies of your project to a known state",
        "Read more about it at https://getcomposer.org/doc/01-basic-usage.md#installing-dependencies",
        "This file is @generated automatically"
    ],
    "content-hash": "3c83ac08a2ffd73482f210db73c6e16b",
    "packages": [
        {
            "name": "jensostertag/php-curl",
            "version": "dev-main",
            "source": {
                "type": "git",
                "url": "git@github.com:JensOstertag/php-curl.git",
                "reference": "7e2531147797b3880070e08cd41858980ebb3495"
            },
            "dist": {
                "type": "zip",
                "url": "https://api.github.com/repos/JensOstertag/php-curl/zipball/7e2531147797b3880070e08cd41858980ebb3495",
                "reference": "7e2531147797b3880070e08cd41858980ebb3495",
                "shasum": ""
            },
            "require": {
                "ext-curl": "*",
                "ext-json": "*",
                "php": ">=8.0.0"
            },
            "default-branch": true,
            "type": "library",
            "autoload": {
                "psr-4": {
                    "jensostertag\\Curl\\": "src/"
                }
            },
            "license": [
                "MIT"
            ],
            "authors": [
                {
                    "name": "Jens Ostertag",
                    "email": "development@jens-ostertag.de",
                    "role": "Developer"
                }
            ],
            "description": "A PHP Curl Wrapper Library",
            "keywords": [
                "curl",
                "wrapper"
            ],
            "support": {
                "source": "https://github.com/JensOstertag/php-curl/tree/main",
                "issues": "https://github.com/JensOstertag/php-curl/issues"
            },
            "time": "2023-06-24T11:47:35+00:00"
        }
    ],
    "packages-dev": [],
    "aliases": [],
    "minimum-stability": "stable",
    "stability-flags": {
        "jensostertag/php-curl": 20
    },
    "prefer-stable": false,
    "prefer-lowest": false,
    "platform": {
        "php": ">=8.0.0"
    },
    "platform-dev": [],
    "plugin-api-version": "2.3.0"
}
